
Microsoft Visual Studio Solution File, Format Version 12.00
# Visual Studio Version 16
VisualStudioVersion = 16.0.31321.278
MinimumVisualStudioVersion = 10.0.40219.1
Project("{FAE04EC0-301F-11D3-BF4B-00C04F79EFBC}") = "test_work_currencies", "test_work_currencies\test_work_currencies.csproj", "{91C729EB-CD1D-459B-BC8B-A272C6D0FC38}"
EndProject
Global
	GlobalSection(SolutionConfigurationPlatforms) = preSolution
		Debug|Any CPU = Debug|Any CPU
		Release|Any CPU = Release|Any CPU
	EndGlobalSection
	GlobalSection(ProjectConfigurationPlatforms) = postSolution
		{91C729EB-CD1D-459B-BC8B-A272C6D0FC38}.Debug|Any CPU.ActiveCfg = Debug|Any CPU
		{91C729EB-CD1D-459B-BC8B-A272C6D0FC38}.Debug|Any CPU.Build.0 = Debug|Any CPU
		{91C729EB-CD1D-459B-BC8B-A272C6D0FC38}.Release|Any CPU.ActiveCfg = Release|Any CPU
		{91C729EB-CD1D-459B-BC8B-A272C6D0FC38}.Release|Any CPU.Build.0 = Release|Any CPU
	EndGlobalSection
	GlobalSection(SolutionProperties) = preSolution
		HideSolutionNode = FALSE
	EndGlobalSection
	GlobalSection(ExtensibilityGlobals) = postSolution
		SolutionGuid = {ED82AC33-5962-4167-8085-DCFEDBC690CF}
	EndGlobalSection
EndGlobal
